// !$*UTF8*$!
{
	archiveVersion = 1;
	classes = {
	};
	objectVersion = 54;
	objects = {

/* Begin PBXBuildFile section */
		00E356F31AD99517003FC87E /* TodoAppTests.m in Sources */ = {isa = PBXBuildFile; fileRef = 00E356F21AD99517003FC87E /* TodoAppTests.m */; };
		03EE9321B1754F438D5CCB63 /* GintoNormal-MediumItalic-Trial.otf in Resources */ = {isa = PBXBuildFile; fileRef = 5296F983145443A296456E18 /* GintoNormal-MediumItalic-Trial.otf */; };
		0C80B921A6F3F58F76C31292 /* libPods-TodoApp.a in Frameworks */ = {isa = PBXBuildFile; fileRef = 5DCACB8F33CDC322A6C60F78 /* libPods-TodoApp.a */; };
		13B07FBC1A68108700A75B9A /* AppDelegate.mm in Sources */ = {isa = PBXBuildFile; fileRef = 13B07FB01A68108700A75B9A /* AppDelegate.mm */; };
		13B07FBF1A68108700A75B9A /* Images.xcassets in Resources */ = {isa = PBXBuildFile; fileRef = 13B07FB51A68108700A75B9A /* Images.xcassets */; };
		13B07FC11A68108700A75B9A /* main.m in Sources */ = {isa = PBXBuildFile; fileRef = 13B07FB71A68108700A75B9A /* main.m */; };
		1C6BE7A618B8486DA56B59E7 /* GintoNormal-Light-Trial.otf in Resources */ = {isa = PBXBuildFile; fileRef = F6CA4CCBF1E149A699D575F1 /* GintoNormal-Light-Trial.otf */; };
		1EA6703392A2413CAD42E929 /* GintoNord-BoldItalic.otf in Resources */ = {isa = PBXBuildFile; fileRef = 29734879E1F94533A192A73B /* GintoNord-BoldItalic.otf */; };
		20176ECA9F4242CAA083CED6 /* GintoNord-Bold.otf in Resources */ = {isa = PBXBuildFile; fileRef = 201A217AAD174AA198FAA495 /* GintoNord-Bold.otf */; };
		24C0A3DC29144E6FA7B54485 /* GintoNormal-BoldItalic-Trial.otf in Resources */ = {isa = PBXBuildFile; fileRef = 7D5729B9FDA74C818E787069 /* GintoNormal-BoldItalic-Trial.otf */; };
		451F0687712F440A89FDAA05 /* GintoNord-Black.otf in Resources */ = {isa = PBXBuildFile; fileRef = AE31A68E251145F9863AD283 /* GintoNord-Black.otf */; };
		547C74DEE8824ADD90289B83 /* GintoNord-Thin.otf in Resources */ = {isa = PBXBuildFile; fileRef = 005A5669BD8F46CA8E09615D /* GintoNord-Thin.otf */; };
		561D7DF11FA647A485FE1D62 /* GintoNormal-Black.otf in Resources */ = {isa = PBXBuildFile; fileRef = 83494E17EDDD4CB3B71074D5 /* GintoNormal-Black.otf */; };
		58AD88279BC443C6A1EE2E8D /* GintoNord-Hairline.otf in Resources */ = {isa = PBXBuildFile; fileRef = 9803652E1C1B436D816765C5 /* GintoNord-Hairline.otf */; };
		5F8FE08CE4AE48588A1745D6 /* GintoNord-Ultra.otf in Resources */ = {isa = PBXBuildFile; fileRef = 653F1E7B55FD46F985CCF62B /* GintoNord-Ultra.otf */; };
		7699B88040F8A987B510C191 /* libPods-TodoApp-TodoAppTests.a in Frameworks */ = {isa = PBXBuildFile; fileRef = 19F6CBCC0A4E27FBF8BF4A61 /* libPods-TodoApp-TodoAppTests.a */; };
		7A779E26DFFA4894A01890E6 /* GintoNormal-LightItalic-Trial.otf in Resources */ = {isa = PBXBuildFile; fileRef = E92AB343A9FE4DEB9FA92AE2 /* GintoNormal-LightItalic-Trial.otf */; };
		7D43822EA6A043939D0A2A19 /* GintoNord-Regular.otf in Resources */ = {isa = PBXBuildFile; fileRef = 2CF6A03C1FA04C8EBAED3111 /* GintoNord-Regular.otf */; };
		7FD623ACFCDB404991C7F9A5 /* GintoNord-Black.woff in Resources */ = {isa = PBXBuildFile; fileRef = 6EE1067C6DD046D890B5E30D /* GintoNord-Black.woff */; };
		81AB9BB82411601600AC10FF /* LaunchScreen.storyboard in Resources */ = {isa = PBXBuildFile; fileRef = 81AB9BB72411601600AC10FF /* LaunchScreen.storyboard */; };
		83F7A84B13CA4BA9BA73AE21 /* GintoNord-UltraItalic.otf in Resources */ = {isa = PBXBuildFile; fileRef = 8143412DF1D34019B54D0AAE /* GintoNord-UltraItalic.otf */; };
		9161E3742E8A4847A9C50AEE /* GintoNord-RegularItalic.otf in Resources */ = {isa = PBXBuildFile; fileRef = BD6265F9E369433D84CDE032 /* GintoNord-RegularItalic.otf */; };
		A986CC825B1742C8A12AF37C /* GintoNormal-Medium-Trial.otf in Resources */ = {isa = PBXBuildFile; fileRef = A823BA1468954A4DA2A9A90D /* GintoNormal-Medium-Trial.otf */; };
		A9F261AE45554E75BEE70F4D /* GintoNord-BlackItalic.otf in Resources */ = {isa = PBXBuildFile; fileRef = 85AA93FE517F4627AA18063A /* GintoNord-BlackItalic.otf */; };
		ABF7EEE997D3467C9E3326E2 /* GintoNormal-BlackItalic-Trial.otf in Resources */ = {isa = PBXBuildFile; fileRef = B1581457064148EF92BEF511 /* GintoNormal-BlackItalic-Trial.otf */; };
		B7868C244B5E4AA4845DD30B /* GintoNord-Medium.otf in Resources */ = {isa = PBXBuildFile; fileRef = C15154AEFC6F4D9280B46AC6 /* GintoNord-Medium.otf */; };
		BC5D659E84374CDF9A112191 /* GintoNord-Light.otf in Resources */ = {isa = PBXBuildFile; fileRef = EBB60B2684E941D59D364D57 /* GintoNord-Light.otf */; };
		BC74D6E0A07F42AAB0F7B641 /* GintoNord-ThinItalic.otf in Resources */ = {isa = PBXBuildFile; fileRef = B105110D47F24D63A5E3F524 /* GintoNord-ThinItalic.otf */; };
		BD793766DBC2417AA6F4C54B /* GintoNord-LightItalic.otf in Resources */ = {isa = PBXBuildFile; fileRef = 3D2AF4E53E6F4BCB9D126437 /* GintoNord-LightItalic.otf */; };
		C5BE870E8D7E41E18E73CFDB /* GintoNormal-Regular-Trial.otf in Resources */ = {isa = PBXBuildFile; fileRef = 1F4A336F0E974994962FE994 /* GintoNormal-Regular-Trial.otf */; };
		C6E82543B935447988B91E19 /* GintoNormal-RegularItalic-Trial.otf in Resources */ = {isa = PBXBuildFile; fileRef = 7502C5EDFEE847A49FA8F58C /* GintoNormal-RegularItalic-Trial.otf */; };
		D4B1DE1251E1444FACC43261 /* GintoNordWidthsVariable.ttf in Resources */ = {isa = PBXBuildFile; fileRef = 9300FBE9BF6945FEB1307239 /* GintoNordWidthsVariable.ttf */; };
		F288D2BF650F4A998E67E0F0 /* GintoNord-HairlineItalic.otf in Resources */ = {isa = PBXBuildFile; fileRef = 5A0DBC2C75534CBBB31C344F /* GintoNord-HairlineItalic.otf */; };
		F6A7E02B46D345449A327045 /* GintoNormalVariable.ttf in Resources */ = {isa = PBXBuildFile; fileRef = 3CD05B0B1CE846B288F274D9 /* GintoNormalVariable.ttf */; };
		FF5FF82869ED481798339724 /* GintoNormal-Bold-Trial.otf in Resources */ = {isa = PBXBuildFile; fileRef = A1BE3EC592A649478CF0CB29 /* GintoNormal-Bold-Trial.otf */; };
/* End PBXBuildFile section */

/* Begin PBXContainerItemProxy section */
		00E356F41AD99517003FC87E /* PBXContainerItemProxy */ = {
			isa = PBXContainerItemProxy;
			containerPortal = 83CBB9F71A601CBA00E9B192 /* Project object */;
			proxyType = 1;
			remoteGlobalIDString = 13B07F861A680F5B00A75B9A;
			remoteInfo = TodoApp;
		};
/* End PBXContainerItemProxy section */

/* Begin PBXFileReference section */
		005A5669BD8F46CA8E09615D /* GintoNord-Thin.otf */ = {isa = PBXFileReference; explicitFileType = undefined; fileEncoding = undefined; includeInIndex = 0; lastKnownFileType = unknown; name = "GintoNord-Thin.otf"; path = "../src/assets/fonts/GintoNord-Thin.otf"; sourceTree = "<group>"; };
		00E356EE1AD99517003FC87E /* TodoAppTests.xctest */ = {isa = PBXFileReference; explicitFileType = wrapper.cfbundle; includeInIndex = 0; path = TodoAppTests.xctest; sourceTree = BUILT_PRODUCTS_DIR; };
		00E356F11AD99517003FC87E /* Info.plist */ = {isa = PBXFileReference; lastKnownFileType = text.plist.xml; path = Info.plist; sourceTree = "<group>"; };
		00E356F21AD99517003FC87E /* TodoAppTests.m */ = {isa = PBXFileReference; lastKnownFileType = sourcecode.c.objc; path = TodoAppTests.m; sourceTree = "<group>"; };
		13B07F961A680F5B00A75B9A /* TodoApp.app */ = {isa = PBXFileReference; explicitFileType = wrapper.application; includeInIndex = 0; path = TodoApp.app; sourceTree = BUILT_PRODUCTS_DIR; };
		13B07FAF1A68108700A75B9A /* AppDelegate.h */ = {isa = PBXFileReference; fileEncoding = 4; lastKnownFileType = sourcecode.c.h; name = AppDelegate.h; path = TodoApp/AppDelegate.h; sourceTree = "<group>"; };
		13B07FB01A68108700A75B9A /* AppDelegate.mm */ = {isa = PBXFileReference; fileEncoding = 4; lastKnownFileType = sourcecode.cpp.objcpp; name = AppDelegate.mm; path = TodoApp/AppDelegate.mm; sourceTree = "<group>"; };
		13B07FB51A68108700A75B9A /* Images.xcassets */ = {isa = PBXFileReference; lastKnownFileType = folder.assetcatalog; name = Images.xcassets; path = TodoApp/Images.xcassets; sourceTree = "<group>"; };
		13B07FB61A68108700A75B9A /* Info.plist */ = {isa = PBXFileReference; fileEncoding = 4; lastKnownFileType = text.plist.xml; name = Info.plist; path = TodoApp/Info.plist; sourceTree = "<group>"; };
		13B07FB71A68108700A75B9A /* main.m */ = {isa = PBXFileReference; fileEncoding = 4; lastKnownFileType = sourcecode.c.objc; name = main.m; path = TodoApp/main.m; sourceTree = "<group>"; };
		19F6CBCC0A4E27FBF8BF4A61 /* libPods-TodoApp-TodoAppTests.a */ = {isa = PBXFileReference; explicitFileType = archive.ar; includeInIndex = 0; path = "libPods-TodoApp-TodoAppTests.a"; sourceTree = BUILT_PRODUCTS_DIR; };
		1F4A336F0E974994962FE994 /* GintoNormal-Regular-Trial.otf */ = {isa = PBXFileReference; explicitFileType = undefined; fileEncoding = undefined; includeInIndex = 0; lastKnownFileType = unknown; name = "GintoNormal-Regular-Trial.otf"; path = "../src/assets/fonts/GintoNormal-Regular-Trial.otf"; sourceTree = "<group>"; };
		201A217AAD174AA198FAA495 /* GintoNord-Bold.otf */ = {isa = PBXFileReference; explicitFileType = undefined; fileEncoding = undefined; includeInIndex = 0; lastKnownFileType = unknown; name = "GintoNord-Bold.otf"; path = "../src/assets/fonts/GintoNord-Bold.otf"; sourceTree = "<group>"; };
		29734879E1F94533A192A73B /* GintoNord-BoldItalic.otf */ = {isa = PBXFileReference; explicitFileType = undefined; fileEncoding = undefined; includeInIndex = 0; lastKnownFileType = unknown; name = "GintoNord-BoldItalic.otf"; path = "../src/assets/fonts/GintoNord-BoldItalic.otf"; sourceTree = "<group>"; };
		2CF6A03C1FA04C8EBAED3111 /* GintoNord-Regular.otf */ = {isa = PBXFileReference; explicitFileType = undefined; fileEncoding = undefined; includeInIndex = 0; lastKnownFileType = unknown; name = "GintoNord-Regular.otf"; path = "../src/assets/fonts/GintoNord-Regular.otf"; sourceTree = "<group>"; };
		3B4392A12AC88292D35C810B /* Pods-TodoApp.debug.xcconfig */ = {isa = PBXFileReference; includeInIndex = 1; lastKnownFileType = text.xcconfig; name = "Pods-TodoApp.debug.xcconfig"; path = "Target Support Files/Pods-TodoApp/Pods-TodoApp.debug.xcconfig"; sourceTree = "<group>"; };
		3CD05B0B1CE846B288F274D9 /* GintoNormalVariable.ttf */ = {isa = PBXFileReference; explicitFileType = undefined; fileEncoding = undefined; includeInIndex = 0; lastKnownFileType = unknown; name = GintoNormalVariable.ttf; path = ../src/assets/fonts/GintoNormalVariable.ttf; sourceTree = "<group>"; };
		3D2AF4E53E6F4BCB9D126437 /* GintoNord-LightItalic.otf */ = {isa = PBXFileReference; explicitFileType = undefined; fileEncoding = undefined; includeInIndex = 0; lastKnownFileType = unknown; name = "GintoNord-LightItalic.otf"; path = "../src/assets/fonts/GintoNord-LightItalic.otf"; sourceTree = "<group>"; };
		5296F983145443A296456E18 /* GintoNormal-MediumItalic-Trial.otf */ = {isa = PBXFileReference; explicitFileType = undefined; fileEncoding = undefined; includeInIndex = 0; lastKnownFileType = unknown; name = "GintoNormal-MediumItalic-Trial.otf"; path = "../src/assets/fonts/GintoNormal-MediumItalic-Trial.otf"; sourceTree = "<group>"; };
		5709B34CF0A7D63546082F79 /* Pods-TodoApp.release.xcconfig */ = {isa = PBXFileReference; includeInIndex = 1; lastKnownFileType = text.xcconfig; name = "Pods-TodoApp.release.xcconfig"; path = "Target Support Files/Pods-TodoApp/Pods-TodoApp.release.xcconfig"; sourceTree = "<group>"; };
		5A0DBC2C75534CBBB31C344F /* GintoNord-HairlineItalic.otf */ = {isa = PBXFileReference; explicitFileType = undefined; fileEncoding = undefined; includeInIndex = 0; lastKnownFileType = unknown; name = "GintoNord-HairlineItalic.otf"; path = "../src/assets/fonts/GintoNord-HairlineItalic.otf"; sourceTree = "<group>"; };
		5B7EB9410499542E8C5724F5 /* Pods-TodoApp-TodoAppTests.debug.xcconfig */ = {isa = PBXFileReference; includeInIndex = 1; lastKnownFileType = text.xcconfig; name = "Pods-TodoApp-TodoAppTests.debug.xcconfig"; path = "Target Support Files/Pods-TodoApp-TodoAppTests/Pods-TodoApp-TodoAppTests.debug.xcconfig"; sourceTree = "<group>"; };
		5DCACB8F33CDC322A6C60F78 /* libPods-TodoApp.a */ = {isa = PBXFileReference; explicitFileType = archive.ar; includeInIndex = 0; path = "libPods-TodoApp.a"; sourceTree = BUILT_PRODUCTS_DIR; };
		653F1E7B55FD46F985CCF62B /* GintoNord-Ultra.otf */ = {isa = PBXFileReference; explicitFileType = undefined; fileEncoding = undefined; includeInIndex = 0; lastKnownFileType = unknown; name = "GintoNord-Ultra.otf"; path = "../src/assets/fonts/GintoNord-Ultra.otf"; sourceTree = "<group>"; };
		6EE1067C6DD046D890B5E30D /* GintoNord-Black.woff */ = {isa = PBXFileReference; explicitFileType = undefined; fileEncoding = undefined; includeInIndex = 0; lastKnownFileType = unknown; name = "GintoNord-Black.woff"; path = "../src/assets/fonts/GintoNord-Black.woff"; sourceTree = "<group>"; };
		7502C5EDFEE847A49FA8F58C /* GintoNormal-RegularItalic-Trial.otf */ = {isa = PBXFileReference; explicitFileType = undefined; fileEncoding = undefined; includeInIndex = 0; lastKnownFileType = unknown; name = "GintoNormal-RegularItalic-Trial.otf"; path = "../src/assets/fonts/GintoNormal-RegularItalic-Trial.otf"; sourceTree = "<group>"; };
		7D5729B9FDA74C818E787069 /* GintoNormal-BoldItalic-Trial.otf */ = {isa = PBXFileReference; explicitFileType = undefined; fileEncoding = undefined; includeInIndex = 0; lastKnownFileType = unknown; name = "GintoNormal-BoldItalic-Trial.otf"; path = "../src/assets/fonts/GintoNormal-BoldItalic-Trial.otf"; sourceTree = "<group>"; };
		8143412DF1D34019B54D0AAE /* GintoNord-UltraItalic.otf */ = {isa = PBXFileReference; explicitFileType = undefined; fileEncoding = undefined; includeInIndex = 0; lastKnownFileType = unknown; name = "GintoNord-UltraItalic.otf"; path = "../src/assets/fonts/GintoNord-UltraItalic.otf"; sourceTree = "<group>"; };
		81AB9BB72411601600AC10FF /* LaunchScreen.storyboard */ = {isa = PBXFileReference; fileEncoding = 4; lastKnownFileType = file.storyboard; name = LaunchScreen.storyboard; path = TodoApp/LaunchScreen.storyboard; sourceTree = "<group>"; };
		83494E17EDDD4CB3B71074D5 /* GintoNormal-Black.otf */ = {isa = PBXFileReference; explicitFileType = undefined; fileEncoding = undefined; includeInIndex = 0; lastKnownFileType = unknown; name = "GintoNormal-Black.otf"; path = "../src/assets/fonts/GintoNormal-Black.otf"; sourceTree = "<group>"; };
		85AA93FE517F4627AA18063A /* GintoNord-BlackItalic.otf */ = {isa = PBXFileReference; explicitFileType = undefined; fileEncoding = undefined; includeInIndex = 0; lastKnownFileType = unknown; name = "GintoNord-BlackItalic.otf"; path = "../src/assets/fonts/GintoNord-BlackItalic.otf"; sourceTree = "<group>"; };
		89C6BE57DB24E9ADA2F236DE /* Pods-TodoApp-TodoAppTests.release.xcconfig */ = {isa = PBXFileReference; includeInIndex = 1; lastKnownFileType = text.xcconfig; name = "Pods-TodoApp-TodoAppTests.release.xcconfig"; path = "Target Support Files/Pods-TodoApp-TodoAppTests/Pods-TodoApp-TodoAppTests.release.xcconfig"; sourceTree = "<group>"; };
		9300FBE9BF6945FEB1307239 /* GintoNordWidthsVariable.ttf */ = {isa = PBXFileReference; explicitFileType = undefined; fileEncoding = undefined; includeInIndex = 0; lastKnownFileType = unknown; name = GintoNordWidthsVariable.ttf; path = ../src/assets/fonts/GintoNordWidthsVariable.ttf; sourceTree = "<group>"; };
		9803652E1C1B436D816765C5 /* GintoNord-Hairline.otf */ = {isa = PBXFileReference; explicitFileType = undefined; fileEncoding = undefined; includeInIndex = 0; lastKnownFileType = unknown; name = "GintoNord-Hairline.otf"; path = "../src/assets/fonts/GintoNord-Hairline.otf"; sourceTree = "<group>"; };
		A1BE3EC592A649478CF0CB29 /* GintoNormal-Bold-Trial.otf */ = {isa = PBXFileReference; explicitFileType = undefined; fileEncoding = undefined; includeInIndex = 0; lastKnownFileType = unknown; name = "GintoNormal-Bold-Trial.otf"; path = "../src/assets/fonts/GintoNormal-Bold-Trial.otf"; sourceTree = "<group>"; };
		A823BA1468954A4DA2A9A90D /* GintoNormal-Medium-Trial.otf */ = {isa = PBXFileReference; explicitFileType = undefined; fileEncoding = undefined; includeInIndex = 0; lastKnownFileType = unknown; name = "GintoNormal-Medium-Trial.otf"; path = "../src/assets/fonts/GintoNormal-Medium-Trial.otf"; sourceTree = "<group>"; };
		AE31A68E251145F9863AD283 /* GintoNord-Black.otf */ = {isa = PBXFileReference; explicitFileType = undefined; fileEncoding = undefined; includeInIndex = 0; lastKnownFileType = unknown; name = "GintoNord-Black.otf"; path = "../src/assets/fonts/GintoNord-Black.otf"; sourceTree = "<group>"; };
		B105110D47F24D63A5E3F524 /* GintoNord-ThinItalic.otf */ = {isa = PBXFileReference; explicitFileType = undefined; fileEncoding = undefined; includeInIndex = 0; lastKnownFileType = unknown; name = "GintoNord-ThinItalic.otf"; path = "../src/assets/fonts/GintoNord-ThinItalic.otf"; sourceTree = "<group>"; };
		B1581457064148EF92BEF511 /* GintoNormal-BlackItalic-Trial.otf */ = {isa = PBXFileReference; explicitFileType = undefined; fileEncoding = undefined; includeInIndex = 0; lastKnownFileType = unknown; name = "GintoNormal-BlackItalic-Trial.otf"; path = "../src/assets/fonts/GintoNormal-BlackItalic-Trial.otf"; sourceTree = "<group>"; };
		BD6265F9E369433D84CDE032 /* GintoNord-RegularItalic.otf */ = {isa = PBXFileReference; explicitFileType = undefined; fileEncoding = undefined; includeInIndex = 0; lastKnownFileType = unknown; name = "GintoNord-RegularItalic.otf"; path = "../src/assets/fonts/GintoNord-RegularItalic.otf"; sourceTree = "<group>"; };
		C15154AEFC6F4D9280B46AC6 /* GintoNord-Medium.otf */ = {isa = PBXFileReference; explicitFileType = undefined; fileEncoding = undefined; includeInIndex = 0; lastKnownFileType = unknown; name = "GintoNord-Medium.otf"; path = "../src/assets/fonts/GintoNord-Medium.otf"; sourceTree = "<group>"; };
		E92AB343A9FE4DEB9FA92AE2 /* GintoNormal-LightItalic-Trial.otf */ = {isa = PBXFileReference; explicitFileType = undefined; fileEncoding = undefined; includeInIndex = 0; lastKnownFileType = unknown; name = "GintoNormal-LightItalic-Trial.otf"; path = "../src/assets/fonts/GintoNormal-LightItalic-Trial.otf"; sourceTree = "<group>"; };
		EBB60B2684E941D59D364D57 /* GintoNord-Light.otf */ = {isa = PBXFileReference; explicitFileType = undefined; fileEncoding = undefined; includeInIndex = 0; lastKnownFileType = unknown; name = "GintoNord-Light.otf"; path = "../src/assets/fonts/GintoNord-Light.otf"; sourceTree = "<group>"; };
		ED297162215061F000B7C4FE /* JavaScriptCore.framework */ = {isa = PBXFileReference; lastKnownFileType = wrapper.framework; name = JavaScriptCore.framework; path = System/Library/Frameworks/JavaScriptCore.framework; sourceTree = SDKROOT; };
		F6CA4CCBF1E149A699D575F1 /* GintoNormal-Light-Trial.otf */ = {isa = PBXFileReference; explicitFileType = undefined; fileEncoding = undefined; includeInIndex = 0; lastKnownFileType = unknown; name = "GintoNormal-Light-Trial.otf"; path = "../src/assets/fonts/GintoNormal-Light-Trial.otf"; sourceTree = "<group>"; };
/* End PBXFileReference section */

/* Begin PBXFrameworksBuildPhase section */
		00E356EB1AD99517003FC87E /* Frameworks */ = {
			isa = PBXFrameworksBuildPhase;
			buildActionMask = 2147483647;
			files = (
				7699B88040F8A987B510C191 /* libPods-TodoApp-TodoAppTests.a in Frameworks */,
			);
			runOnlyForDeploymentPostprocessing = 0;
		};
		13B07F8C1A680F5B00A75B9A /* Frameworks */ = {
			isa = PBXFrameworksBuildPhase;
			buildActionMask = 2147483647;
			files = (
				0C80B921A6F3F58F76C31292 /* libPods-TodoApp.a in Frameworks */,
			);
			runOnlyForDeploymentPostprocessing = 0;
		};
/* End PBXFrameworksBuildPhase section */

/* Begin PBXGroup section */
		00E356EF1AD99517003FC87E /* TodoAppTests */ = {
			isa = PBXGroup;
			children = (
				00E356F21AD99517003FC87E /* TodoAppTests.m */,
				00E356F01AD99517003FC87E /* Supporting Files */,
			);
			path = TodoAppTests;
			sourceTree = "<group>";
		};
		00E356F01AD99517003FC87E /* Supporting Files */ = {
			isa = PBXGroup;
			children = (
				00E356F11AD99517003FC87E /* Info.plist */,
			);
			name = "Supporting Files";
			sourceTree = "<group>";
		};
		13B07FAE1A68108700A75B9A /* TodoApp */ = {
			isa = PBXGroup;
			children = (
				13B07FAF1A68108700A75B9A /* AppDelegate.h */,
				13B07FB01A68108700A75B9A /* AppDelegate.mm */,
				13B07FB51A68108700A75B9A /* Images.xcassets */,
				13B07FB61A68108700A75B9A /* Info.plist */,
				81AB9BB72411601600AC10FF /* LaunchScreen.storyboard */,
				13B07FB71A68108700A75B9A /* main.m */,
			);
			name = TodoApp;
			sourceTree = "<group>";
		};
		2D16E6871FA4F8E400B85C8A /* Frameworks */ = {
			isa = PBXGroup;
			children = (
				ED297162215061F000B7C4FE /* JavaScriptCore.framework */,
				5DCACB8F33CDC322A6C60F78 /* libPods-TodoApp.a */,
				19F6CBCC0A4E27FBF8BF4A61 /* libPods-TodoApp-TodoAppTests.a */,
			);
			name = Frameworks;
			sourceTree = "<group>";
		};
		832341AE1AAA6A7D00B99B32 /* Libraries */ = {
			isa = PBXGroup;
			children = (
			);
			name = Libraries;
			sourceTree = "<group>";
		};
		83CBB9F61A601CBA00E9B192 = {
			isa = PBXGroup;
			children = (
				13B07FAE1A68108700A75B9A /* TodoApp */,
				832341AE1AAA6A7D00B99B32 /* Libraries */,
				00E356EF1AD99517003FC87E /* TodoAppTests */,
				83CBBA001A601CBA00E9B192 /* Products */,
				2D16E6871FA4F8E400B85C8A /* Frameworks */,
				BBD78D7AC51CEA395F1C20DB /* Pods */,
				B9EB6E3EDFFD48859C8DCD5E /* Resources */,
			);
			indentWidth = 2;
			sourceTree = "<group>";
			tabWidth = 2;
			usesTabs = 0;
		};
		83CBBA001A601CBA00E9B192 /* Products */ = {
			isa = PBXGroup;
			children = (
				13B07F961A680F5B00A75B9A /* TodoApp.app */,
				00E356EE1AD99517003FC87E /* TodoAppTests.xctest */,
			);
			name = Products;
			sourceTree = "<group>";
		};
		B9EB6E3EDFFD48859C8DCD5E /* Resources */ = {
			isa = PBXGroup;
			children = (
				AE31A68E251145F9863AD283 /* GintoNord-Black.otf */,
				85AA93FE517F4627AA18063A /* GintoNord-BlackItalic.otf */,
				201A217AAD174AA198FAA495 /* GintoNord-Bold.otf */,
				29734879E1F94533A192A73B /* GintoNord-BoldItalic.otf */,
				9803652E1C1B436D816765C5 /* GintoNord-Hairline.otf */,
				5A0DBC2C75534CBBB31C344F /* GintoNord-HairlineItalic.otf */,
				EBB60B2684E941D59D364D57 /* GintoNord-Light.otf */,
				3D2AF4E53E6F4BCB9D126437 /* GintoNord-LightItalic.otf */,
				C15154AEFC6F4D9280B46AC6 /* GintoNord-Medium.otf */,
				2CF6A03C1FA04C8EBAED3111 /* GintoNord-Regular.otf */,
				BD6265F9E369433D84CDE032 /* GintoNord-RegularItalic.otf */,
				005A5669BD8F46CA8E09615D /* GintoNord-Thin.otf */,
				B105110D47F24D63A5E3F524 /* GintoNord-ThinItalic.otf */,
				653F1E7B55FD46F985CCF62B /* GintoNord-Ultra.otf */,
				8143412DF1D34019B54D0AAE /* GintoNord-UltraItalic.otf */,
				83494E17EDDD4CB3B71074D5 /* GintoNormal-Black.otf */,
				B1581457064148EF92BEF511 /* GintoNormal-BlackItalic-Trial.otf */,
				A1BE3EC592A649478CF0CB29 /* GintoNormal-Bold-Trial.otf */,
				7D5729B9FDA74C818E787069 /* GintoNormal-BoldItalic-Trial.otf */,
				F6CA4CCBF1E149A699D575F1 /* GintoNormal-Light-Trial.otf */,
				E92AB343A9FE4DEB9FA92AE2 /* GintoNormal-LightItalic-Trial.otf */,
				A823BA1468954A4DA2A9A90D /* GintoNormal-Medium-Trial.otf */,
				5296F983145443A296456E18 /* GintoNormal-MediumItalic-Trial.otf */,
				1F4A336F0E974994962FE994 /* GintoNormal-Regular-Trial.otf */,
				7502C5EDFEE847A49FA8F58C /* GintoNormal-RegularItalic-Trial.otf */,
				9300FBE9BF6945FEB1307239 /* GintoNordWidthsVariable.ttf */,
				3CD05B0B1CE846B288F274D9 /* GintoNormalVariable.ttf */,
				6EE1067C6DD046D890B5E30D /* GintoNord-Black.woff */,
			);
			name = Resources;
			path = "";
			sourceTree = "<group>";
		};
		BBD78D7AC51CEA395F1C20DB /* Pods */ = {
			isa = PBXGroup;
			children = (
				3B4392A12AC88292D35C810B /* Pods-TodoApp.debug.xcconfig */,
				5709B34CF0A7D63546082F79 /* Pods-TodoApp.release.xcconfig */,
				5B7EB9410499542E8C5724F5 /* Pods-TodoApp-TodoAppTests.debug.xcconfig */,
				89C6BE57DB24E9ADA2F236DE /* Pods-TodoApp-TodoAppTests.release.xcconfig */,
			);
			path = Pods;
			sourceTree = "<group>";
		};
/* End PBXGroup section */

/* Begin PBXNativeTarget section */
		00E356ED1AD99517003FC87E /* TodoAppTests */ = {
			isa = PBXNativeTarget;
			buildConfigurationList = 00E357021AD99517003FC87E /* Build configuration list for PBXNativeTarget "TodoAppTests" */;
			buildPhases = (
				A55EABD7B0C7F3A422A6CC61 /* [CP] Check Pods Manifest.lock */,
				00E356EA1AD99517003FC87E /* Sources */,
				00E356EB1AD99517003FC87E /* Frameworks */,
				00E356EC1AD99517003FC87E /* Resources */,
				C59DA0FBD6956966B86A3779 /* [CP] Embed Pods Frameworks */,
				F6A41C54EA430FDDC6A6ED99 /* [CP] Copy Pods Resources */,
			);
			buildRules = (
			);
			dependencies = (
				00E356F51AD99517003FC87E /* PBXTargetDependency */,
			);
			name = TodoAppTests;
			productName = TodoAppTests;
			productReference = 00E356EE1AD99517003FC87E /* TodoAppTests.xctest */;
			productType = "com.apple.product-type.bundle.unit-test";
		};
		13B07F861A680F5B00A75B9A /* TodoApp */ = {
			isa = PBXNativeTarget;
			buildConfigurationList = 13B07F931A680F5B00A75B9A /* Build configuration list for PBXNativeTarget "TodoApp" */;
			buildPhases = (
				C38B50BA6285516D6DCD4F65 /* [CP] Check Pods Manifest.lock */,
				FD10A7F022414F080027D42C /* Start Packager */,
				13B07F871A680F5B00A75B9A /* Sources */,
				13B07F8C1A680F5B00A75B9A /* Frameworks */,
				13B07F8E1A680F5B00A75B9A /* Resources */,
				00DD1BFF1BD5951E006B06BC /* Bundle React Native code and images */,
				00EEFC60759A1932668264C0 /* [CP] Embed Pods Frameworks */,
				E235C05ADACE081382539298 /* [CP] Copy Pods Resources */,
			);
			buildRules = (
			);
			dependencies = (
			);
			name = TodoApp;
			productName = TodoApp;
			productReference = 13B07F961A680F5B00A75B9A /* TodoApp.app */;
			productType = "com.apple.product-type.application";
		};
/* End PBXNativeTarget section */

/* Begin PBXProject section */
		83CBB9F71A601CBA00E9B192 /* Project object */ = {
			isa = PBXProject;
			attributes = {
				LastUpgradeCheck = 1210;
				TargetAttributes = {
					00E356ED1AD99517003FC87E = {
						CreatedOnToolsVersion = 6.2;
						TestTargetID = 13B07F861A680F5B00A75B9A;
					};
					13B07F861A680F5B00A75B9A = {
						LastSwiftMigration = 1120;
					};
				};
			};
			buildConfigurationList = 83CBB9FA1A601CBA00E9B192 /* Build configuration list for PBXProject "TodoApp" */;
			compatibilityVersion = "Xcode 12.0";
			developmentRegion = en;
			hasScannedForEncodings = 0;
			knownRegions = (
				en,
				Base,
			);
			mainGroup = 83CBB9F61A601CBA00E9B192;
			productRefGroup = 83CBBA001A601CBA00E9B192 /* Products */;
			projectDirPath = "";
			projectRoot = "";
			targets = (
				13B07F861A680F5B00A75B9A /* TodoApp */,
				00E356ED1AD99517003FC87E /* TodoAppTests */,
			);
		};
/* End PBXProject section */

/* Begin PBXResourcesBuildPhase section */
		00E356EC1AD99517003FC87E /* Resources */ = {
			isa = PBXResourcesBuildPhase;
			buildActionMask = 2147483647;
			files = (
			);
			runOnlyForDeploymentPostprocessing = 0;
		};
		13B07F8E1A680F5B00A75B9A /* Resources */ = {
			isa = PBXResourcesBuildPhase;
			buildActionMask = 2147483647;
			files = (
				81AB9BB82411601600AC10FF /* LaunchScreen.storyboard in Resources */,
				13B07FBF1A68108700A75B9A /* Images.xcassets in Resources */,
				451F0687712F440A89FDAA05 /* GintoNord-Black.otf in Resources */,
				A9F261AE45554E75BEE70F4D /* GintoNord-BlackItalic.otf in Resources */,
				20176ECA9F4242CAA083CED6 /* GintoNord-Bold.otf in Resources */,
				1EA6703392A2413CAD42E929 /* GintoNord-BoldItalic.otf in Resources */,
				58AD88279BC443C6A1EE2E8D /* GintoNord-Hairline.otf in Resources */,
				F288D2BF650F4A998E67E0F0 /* GintoNord-HairlineItalic.otf in Resources */,
				BC5D659E84374CDF9A112191 /* GintoNord-Light.otf in Resources */,
				BD793766DBC2417AA6F4C54B /* GintoNord-LightItalic.otf in Resources */,
				B7868C244B5E4AA4845DD30B /* GintoNord-Medium.otf in Resources */,
				7D43822EA6A043939D0A2A19 /* GintoNord-Regular.otf in Resources */,
				9161E3742E8A4847A9C50AEE /* GintoNord-RegularItalic.otf in Resources */,
				547C74DEE8824ADD90289B83 /* GintoNord-Thin.otf in Resources */,
				BC74D6E0A07F42AAB0F7B641 /* GintoNord-ThinItalic.otf in Resources */,
				5F8FE08CE4AE48588A1745D6 /* GintoNord-Ultra.otf in Resources */,
				83F7A84B13CA4BA9BA73AE21 /* GintoNord-UltraItalic.otf in Resources */,
				561D7DF11FA647A485FE1D62 /* GintoNormal-Black.otf in Resources */,
				ABF7EEE997D3467C9E3326E2 /* GintoNormal-BlackItalic-Trial.otf in Resources */,
				FF5FF82869ED481798339724 /* GintoNormal-Bold-Trial.otf in Resources */,
				24C0A3DC29144E6FA7B54485 /* GintoNormal-BoldItalic-Trial.otf in Resources */,
				1C6BE7A618B8486DA56B59E7 /* GintoNormal-Light-Trial.otf in Resources */,
				7A779E26DFFA4894A01890E6 /* GintoNormal-LightItalic-Trial.otf in Resources */,
				A986CC825B1742C8A12AF37C /* GintoNormal-Medium-Trial.otf in Resources */,
				03EE9321B1754F438D5CCB63 /* GintoNormal-MediumItalic-Trial.otf in Resources */,
				C5BE870E8D7E41E18E73CFDB /* GintoNormal-Regular-Trial.otf in Resources */,
				C6E82543B935447988B91E19 /* GintoNormal-RegularItalic-Trial.otf in Resources */,
				D4B1DE1251E1444FACC43261 /* GintoNordWidthsVariable.ttf in Resources */,
				F6A7E02B46D345449A327045 /* GintoNormalVariable.ttf in Resources */,
				7FD623ACFCDB404991C7F9A5 /* GintoNord-Black.woff in Resources */,
			);
			runOnlyForDeploymentPostprocessing = 0;
		};
/* End PBXResourcesBuildPhase section */

/* Begin PBXShellScriptBuildPhase section */
		00DD1BFF1BD5951E006B06BC /* Bundle React Native code and images */ = {
			isa = PBXShellScriptBuildPhase;
			buildActionMask = 2147483647;
			files = (
			);
			inputPaths = (
				"$(SRCROOT)/.xcode.env.local",
				"$(SRCROOT)/.xcode.env",
			);
			name = "Bundle React Native code and images";
			outputPaths = (
			);
			runOnlyForDeploymentPostprocessing = 0;
			shellPath = /bin/sh;
			shellScript = "set -e\n\nWITH_ENVIRONMENT=\"../node_modules/react-native/scripts/xcode/with-environment.sh\"\nREACT_NATIVE_XCODE=\"../node_modules/react-native/scripts/react-native-xcode.sh\"\n\n/bin/sh -c \"$WITH_ENVIRONMENT $REACT_NATIVE_XCODE\"\n";
		};
		00EEFC60759A1932668264C0 /* [CP] Embed Pods Frameworks */ = {
			isa = PBXShellScriptBuildPhase;
			buildActionMask = 2147483647;
			files = (
			);
			inputFileListPaths = (
				"${PODS_ROOT}/Target Support Files/Pods-TodoApp/Pods-TodoApp-frameworks-${CONFIGURATION}-input-files.xcfilelist",
			);
			name = "[CP] Embed Pods Frameworks";
			outputFileListPaths = (
				"${PODS_ROOT}/Target Support Files/Pods-TodoApp/Pods-TodoApp-frameworks-${CONFIGURATION}-output-files.xcfilelist",
			);
			runOnlyForDeploymentPostprocessing = 0;
			shellPath = /bin/sh;
			shellScript = "\"${PODS_ROOT}/Target Support Files/Pods-TodoApp/Pods-TodoApp-frameworks.sh\"\n";
			showEnvVarsInLog = 0;
		};
		A55EABD7B0C7F3A422A6CC61 /* [CP] Check Pods Manifest.lock */ = {
			isa = PBXShellScriptBuildPhase;
			buildActionMask = 2147483647;
			files = (
			);
			inputFileListPaths = (
			);
			inputPaths = (
				"${PODS_PODFILE_DIR_PATH}/Podfile.lock",
				"${PODS_ROOT}/Manifest.lock",
			);
			name = "[CP] Check Pods Manifest.lock";
			outputFileListPaths = (
			);
			outputPaths = (
				"$(DERIVED_FILE_DIR)/Pods-TodoApp-TodoAppTests-checkManifestLockResult.txt",
			);
			runOnlyForDeploymentPostprocessing = 0;
			shellPath = /bin/sh;
			shellScript = "diff \"${PODS_PODFILE_DIR_PATH}/Podfile.lock\" \"${PODS_ROOT}/Manifest.lock\" > /dev/null\nif [ $? != 0 ] ; then\n    # print error to STDERR\n    echo \"error: The sandbox is not in sync with the Podfile.lock. Run 'pod install' or update your CocoaPods installation.\" >&2\n    exit 1\nfi\n# This output is used by Xcode 'outputs' to avoid re-running this script phase.\necho \"SUCCESS\" > \"${SCRIPT_OUTPUT_FILE_0}\"\n";
			showEnvVarsInLog = 0;
		};
		C38B50BA6285516D6DCD4F65 /* [CP] Check Pods Manifest.lock */ = {
			isa = PBXShellScriptBuildPhase;
			buildActionMask = 2147483647;
			files = (
			);
			inputFileListPaths = (
			);
			inputPaths = (
				"${PODS_PODFILE_DIR_PATH}/Podfile.lock",
				"${PODS_ROOT}/Manifest.lock",
			);
			name = "[CP] Check Pods Manifest.lock";
			outputFileListPaths = (
			);
			outputPaths = (
				"$(DERIVED_FILE_DIR)/Pods-TodoApp-checkManifestLockResult.txt",
			);
			runOnlyForDeploymentPostprocessing = 0;
			shellPath = /bin/sh;
			shellScript = "diff \"${PODS_PODFILE_DIR_PATH}/Podfile.lock\" \"${PODS_ROOT}/Manifest.lock\" > /dev/null\nif [ $? != 0 ] ; then\n    # print error to STDERR\n    echo \"error: The sandbox is not in sync with the Podfile.lock. Run 'pod install' or update your CocoaPods installation.\" >&2\n    exit 1\nfi\n# This output is used by Xcode 'outputs' to avoid re-running this script phase.\necho \"SUCCESS\" > \"${SCRIPT_OUTPUT_FILE_0}\"\n";
			showEnvVarsInLog = 0;
		};
		C59DA0FBD6956966B86A3779 /* [CP] Embed Pods Frameworks */ = {
			isa = PBXShellScriptBuildPhase;
			buildActionMask = 2147483647;
			files = (
			);
			inputFileListPaths = (
				"${PODS_ROOT}/Target Support Files/Pods-TodoApp-TodoAppTests/Pods-TodoApp-TodoAppTests-frameworks-${CONFIGURATION}-input-files.xcfilelist",
			);
			name = "[CP] Embed Pods Frameworks";
			outputFileListPaths = (
				"${PODS_ROOT}/Target Support Files/Pods-TodoApp-TodoAppTests/Pods-TodoApp-TodoAppTests-frameworks-${CONFIGURATION}-output-files.xcfilelist",
			);
			runOnlyForDeploymentPostprocessing = 0;
			shellPath = /bin/sh;
			shellScript = "\"${PODS_ROOT}/Target Support Files/Pods-TodoApp-TodoAppTests/Pods-TodoApp-TodoAppTests-frameworks.sh\"\n";
			showEnvVarsInLog = 0;
		};
		E235C05ADACE081382539298 /* [CP] Copy Pods Resources */ = {
			isa = PBXShellScriptBuildPhase;
			buildActionMask = 2147483647;
			files = (
			);
			inputFileListPaths = (
				"${PODS_ROOT}/Target Support Files/Pods-TodoApp/Pods-TodoApp-resources-${CONFIGURATION}-input-files.xcfilelist",
			);
			name = "[CP] Copy Pods Resources";
			outputFileListPaths = (
				"${PODS_ROOT}/Target Support Files/Pods-TodoApp/Pods-TodoApp-resources-${CONFIGURATION}-output-files.xcfilelist",
			);
			runOnlyForDeploymentPostprocessing = 0;
			shellPath = /bin/sh;
			shellScript = "\"${PODS_ROOT}/Target Support Files/Pods-TodoApp/Pods-TodoApp-resources.sh\"\n";
			showEnvVarsInLog = 0;
		};
		F6A41C54EA430FDDC6A6ED99 /* [CP] Copy Pods Resources */ = {
			isa = PBXShellScriptBuildPhase;
			buildActionMask = 2147483647;
			files = (
			);
			inputFileListPaths = (
				"${PODS_ROOT}/Target Support Files/Pods-TodoApp-TodoAppTests/Pods-TodoApp-TodoAppTests-resources-${CONFIGURATION}-input-files.xcfilelist",
			);
			name = "[CP] Copy Pods Resources";
			outputFileListPaths = (
				"${PODS_ROOT}/Target Support Files/Pods-TodoApp-TodoAppTests/Pods-TodoApp-TodoAppTests-resources-${CONFIGURATION}-output-files.xcfilelist",
			);
			runOnlyForDeploymentPostprocessing = 0;
			shellPath = /bin/sh;
			shellScript = "\"${PODS_ROOT}/Target Support Files/Pods-TodoApp-TodoAppTests/Pods-TodoApp-TodoAppTests-resources.sh\"\n";
			showEnvVarsInLog = 0;
		};
		FD10A7F022414F080027D42C /* Start Packager */ = {
			isa = PBXShellScriptBuildPhase;
			buildActionMask = 2147483647;
			files = (
			);
			inputFileListPaths = (
			);
			inputPaths = (
			);
			name = "Start Packager";
			outputFileListPaths = (
			);
			outputPaths = (
			);
			runOnlyForDeploymentPostprocessing = 0;
			shellPath = /bin/sh;
			shellScript = "export RCT_METRO_PORT=\"${RCT_METRO_PORT:=8081}\"\necho \"export RCT_METRO_PORT=${RCT_METRO_PORT}\" > \"${SRCROOT}/../node_modules/react-native/scripts/.packager.env\"\nif [ -z \"${RCT_NO_LAUNCH_PACKAGER+xxx}\" ] ; then\n  if nc -w 5 -z localhost ${RCT_METRO_PORT} ; then\n    if ! curl -s \"http://localhost:${RCT_METRO_PORT}/status\" | grep -q \"packager-status:running\" ; then\n      echo \"Port ${RCT_METRO_PORT} already in use, packager is either not running or not running correctly\"\n      exit 2\n    fi\n  else\n    open \"$SRCROOT/../node_modules/react-native/scripts/launchPackager.command\" || echo \"Can't start packager automatically\"\n  fi\nfi\n";
			showEnvVarsInLog = 0;
		};
/* End PBXShellScriptBuildPhase section */

/* Begin PBXSourcesBuildPhase section */
		00E356EA1AD99517003FC87E /* Sources */ = {
			isa = PBXSourcesBuildPhase;
			buildActionMask = 2147483647;
			files = (
				00E356F31AD99517003FC87E /* TodoAppTests.m in Sources */,
			);
			runOnlyForDeploymentPostprocessing = 0;
		};
		13B07F871A680F5B00A75B9A /* Sources */ = {
			isa = PBXSourcesBuildPhase;
			buildActionMask = 2147483647;
			files = (
				13B07FBC1A68108700A75B9A /* AppDelegate.mm in Sources */,
				13B07FC11A68108700A75B9A /* main.m in Sources */,
			);
			runOnlyForDeploymentPostprocessing = 0;
		};
/* End PBXSourcesBuildPhase section */

/* Begin PBXTargetDependency section */
		00E356F51AD99517003FC87E /* PBXTargetDependency */ = {
			isa = PBXTargetDependency;
			target = 13B07F861A680F5B00A75B9A /* TodoApp */;
			targetProxy = 00E356F41AD99517003FC87E /* PBXContainerItemProxy */;
		};
/* End PBXTargetDependency section */

/* Begin XCBuildConfiguration section */
		00E356F61AD99517003FC87E /* Debug */ = {
			isa = XCBuildConfiguration;
			baseConfigurationReference = 5B7EB9410499542E8C5724F5 /* Pods-TodoApp-TodoAppTests.debug.xcconfig */;
			buildSettings = {
				BUNDLE_LOADER = "$(TEST_HOST)";
				GCC_PREPROCESSOR_DEFINITIONS = (
					"DEBUG=1",
					"$(inherited)",
				);
				INFOPLIST_FILE = TodoAppTests/Info.plist;
				IPHONEOS_DEPLOYMENT_TARGET = 12.4;
				LD_RUNPATH_SEARCH_PATHS = (
					"$(inherited)",
					"@executable_path/Frameworks",
					"@loader_path/Frameworks",
				);
				OTHER_LDFLAGS = (
					"-ObjC",
					"-lc++",
					"$(inherited)",
				);
				PRODUCT_BUNDLE_IDENTIFIER = "org.reactjs.native.example.$(PRODUCT_NAME:rfc1034identifier)";
				PRODUCT_NAME = "$(TARGET_NAME)";
				TEST_HOST = "$(BUILT_PRODUCTS_DIR)/TodoApp.app/TodoApp";
			};
			name = Debug;
		};
		00E356F71AD99517003FC87E /* Release */ = {
			isa = XCBuildConfiguration;
			baseConfigurationReference = 89C6BE57DB24E9ADA2F236DE /* Pods-TodoApp-TodoAppTests.release.xcconfig */;
			buildSettings = {
				BUNDLE_LOADER = "$(TEST_HOST)";
				COPY_PHASE_STRIP = NO;
				INFOPLIST_FILE = TodoAppTests/Info.plist;
				IPHONEOS_DEPLOYMENT_TARGET = 12.4;
				LD_RUNPATH_SEARCH_PATHS = (
					"$(inherited)",
					"@executable_path/Frameworks",
					"@loader_path/Frameworks",
				);
				OTHER_LDFLAGS = (
					"-ObjC",
					"-lc++",
					"$(inherited)",
				);
				PRODUCT_BUNDLE_IDENTIFIER = "org.reactjs.native.example.$(PRODUCT_NAME:rfc1034identifier)";
				PRODUCT_NAME = "$(TARGET_NAME)";
				TEST_HOST = "$(BUILT_PRODUCTS_DIR)/TodoApp.app/TodoApp";
			};
			name = Release;
		};
		13B07F941A680F5B00A75B9A /* Debug */ = {
			isa = XCBuildConfiguration;
			baseConfigurationReference = 3B4392A12AC88292D35C810B /* Pods-TodoApp.debug.xcconfig */;
			buildSettings = {
				ASSETCATALOG_COMPILER_APPICON_NAME = AppIcon;
				CLANG_ENABLE_MODULES = YES;
				CURRENT_PROJECT_VERSION = 1;
				ENABLE_BITCODE = NO;
				INFOPLIST_FILE = TodoApp/Info.plist;
				LD_RUNPATH_SEARCH_PATHS = (
					"$(inherited)",
					"@executable_path/Frameworks",
				);
				OTHER_LDFLAGS = (
					"$(inherited)",
					"-ObjC",
					"-lc++",
				);
				PRODUCT_BUNDLE_IDENTIFIER = "org.reactjs.native.example.$(PRODUCT_NAME:rfc1034identifier)";
				PRODUCT_NAME = TodoApp;
				SWIFT_OPTIMIZATION_LEVEL = "-Onone";
				SWIFT_VERSION = 5.0;
				VERSIONING_SYSTEM = "apple-generic";
			};
			name = Debug;
		};
		13B07F951A680F5B00A75B9A /* Release */ = {
			isa = XCBuildConfiguration;
			baseConfigurationReference = 5709B34CF0A7D63546082F79 /* Pods-TodoApp.release.xcconfig */;
			buildSettings = {
				ASSETCATALOG_COMPILER_APPICON_NAME = AppIcon;
				CLANG_ENABLE_MODULES = YES;
				CURRENT_PROJECT_VERSION = 1;
				INFOPLIST_FILE = TodoApp/Info.plist;
				LD_RUNPATH_SEARCH_PATHS = (
					"$(inherited)",
					"@executable_path/Frameworks",
				);
				OTHER_LDFLAGS = (
					"$(inherited)",
					"-ObjC",
					"-lc++",
				);
				PRODUCT_BUNDLE_IDENTIFIER = "org.reactjs.native.example.$(PRODUCT_NAME:rfc1034identifier)";
				PRODUCT_NAME = TodoApp;
				SWIFT_VERSION = 5.0;
				VERSIONING_SYSTEM = "apple-generic";
			};
			name = Release;
		};
		83CBBA201A601CBA00E9B192 /* Debug */ = {
			isa = XCBuildConfiguration;
			buildSettings = {
				ALWAYS_SEARCH_USER_PATHS = NO;
				CLANG_ANALYZER_LOCALIZABILITY_NONLOCALIZED = YES;
				CLANG_CXX_LANGUAGE_STANDARD = "c++17";
				CLANG_CXX_LIBRARY = "libc++";
				CLANG_ENABLE_MODULES = YES;
				CLANG_ENABLE_OBJC_ARC = YES;
				CLANG_WARN_BLOCK_CAPTURE_AUTORELEASING = YES;
				CLANG_WARN_BOOL_CONVERSION = YES;
				CLANG_WARN_COMMA = YES;
				CLANG_WARN_CONSTANT_CONVERSION = YES;
				CLANG_WARN_DEPRECATED_OBJC_IMPLEMENTATIONS = YES;
				CLANG_WARN_DIRECT_OBJC_ISA_USAGE = YES_ERROR;
				CLANG_WARN_EMPTY_BODY = YES;
				CLANG_WARN_ENUM_CONVERSION = YES;
				CLANG_WARN_INFINITE_RECURSION = YES;
				CLANG_WARN_INT_CONVERSION = YES;
				CLANG_WARN_NON_LITERAL_NULL_CONVERSION = YES;
				CLANG_WARN_OBJC_IMPLICIT_RETAIN_SELF = YES;
				CLANG_WARN_OBJC_LITERAL_CONVERSION = YES;
				CLANG_WARN_OBJC_ROOT_CLASS = YES_ERROR;
				CLANG_WARN_QUOTED_INCLUDE_IN_FRAMEWORK_HEADER = YES;
				CLANG_WARN_RANGE_LOOP_ANALYSIS = YES;
				CLANG_WARN_STRICT_PROTOTYPES = YES;
				CLANG_WARN_SUSPICIOUS_MOVE = YES;
				CLANG_WARN_UNREACHABLE_CODE = YES;
				CLANG_WARN__DUPLICATE_METHOD_MATCH = YES;
				"CODE_SIGN_IDENTITY[sdk=iphoneos*]" = "iPhone Developer";
				COPY_PHASE_STRIP = NO;
				ENABLE_STRICT_OBJC_MSGSEND = YES;
				ENABLE_TESTABILITY = YES;
				"EXCLUDED_ARCHS[sdk=iphonesimulator*]" = i386;
				GCC_C_LANGUAGE_STANDARD = gnu99;
				GCC_DYNAMIC_NO_PIC = NO;
				GCC_NO_COMMON_BLOCKS = YES;
				GCC_OPTIMIZATION_LEVEL = 0;
				GCC_PREPROCESSOR_DEFINITIONS = (
					"DEBUG=1",
					"$(inherited)",
				);
				GCC_SYMBOLS_PRIVATE_EXTERN = NO;
				GCC_WARN_64_TO_32_BIT_CONVERSION = YES;
				GCC_WARN_ABOUT_RETURN_TYPE = YES_ERROR;
				GCC_WARN_UNDECLARED_SELECTOR = YES;
				GCC_WARN_UNINITIALIZED_AUTOS = YES_AGGRESSIVE;
				GCC_WARN_UNUSED_FUNCTION = YES;
				GCC_WARN_UNUSED_VARIABLE = YES;
				IPHONEOS_DEPLOYMENT_TARGET = 12.4;
				LD_RUNPATH_SEARCH_PATHS = (
					/usr/lib/swift,
					"$(inherited)",
				);
				LIBRARY_SEARCH_PATHS = (
					"\"$(SDKROOT)/usr/lib/swift\"",
					"\"$(TOOLCHAIN_DIR)/usr/lib/swift/$(PLATFORM_NAME)\"",
					"\"$(inherited)\"",
				);
				MTL_ENABLE_DEBUG_INFO = YES;
				ONLY_ACTIVE_ARCH = YES;
				OTHER_CPLUSPLUSFLAGS = (
					"$(OTHER_CFLAGS)",
					"-DFOLLY_NO_CONFIG",
					"-DFOLLY_MOBILE=1",
					"-DFOLLY_USE_LIBCPP=1",
				);
				REACT_NATIVE_PATH = "${PODS_ROOT}/../../node_modules/react-native";
				SDKROOT = iphoneos;
			};
			name = Debug;
		};
		83CBBA211A601CBA00E9B192 /* Release */ = {
			isa = XCBuildConfiguration;
			buildSettings = {
				ALWAYS_SEARCH_USER_PATHS = NO;
				CLANG_ANALYZER_LOCALIZABILITY_NONLOCALIZED = YES;
				CLANG_CXX_LANGUAGE_STANDARD = "c++17";
				CLANG_CXX_LIBRARY = "libc++";
				CLANG_ENABLE_MODULES = YES;
				CLANG_ENABLE_OBJC_ARC = YES;
				CLANG_WARN_BLOCK_CAPTURE_AUTORELEASING = YES;
				CLANG_WARN_BOOL_CONVERSION = YES;
				CLANG_WARN_COMMA = YES;
				CLANG_WARN_CONSTANT_CONVERSION = YES;
				CLANG_WARN_DEPRECATED_OBJC_IMPLEMENTATIONS = YES;
				CLANG_WARN_DIRECT_OBJC_ISA_USAGE = YES_ERROR;
				CLANG_WARN_EMPTY_BODY = YES;
				CLANG_WARN_ENUM_CONVERSION = YES;
				CLANG_WARN_INFINITE_RECURSION = YES;
				CLANG_WARN_INT_CONVERSION = YES;
				CLANG_WARN_NON_LITERAL_NULL_CONVERSION = YES;
				CLANG_WARN_OBJC_IMPLICIT_RETAIN_SELF = YES;
				CLANG_WARN_OBJC_LITERAL_CONVERSION = YES;
				CLANG_WARN_OBJC_ROOT_CLASS = YES_ERROR;
				CLANG_WARN_QUOTED_INCLUDE_IN_FRAMEWORK_HEADER = YES;
				CLANG_WARN_RANGE_LOOP_ANALYSIS = YES;
				CLANG_WARN_STRICT_PROTOTYPES = YES;
				CLANG_WARN_SUSPICIOUS_MOVE = YES;
				CLANG_WARN_UNREACHABLE_CODE = YES;
				CLANG_WARN__DUPLICATE_METHOD_MATCH = YES;
				"CODE_SIGN_IDENTITY[sdk=iphoneos*]" = "iPhone Developer";
				COPY_PHASE_STRIP = YES;
				ENABLE_NS_ASSERTIONS = NO;
				ENABLE_STRICT_OBJC_MSGSEND = YES;
				"EXCLUDED_ARCHS[sdk=iphonesimulator*]" = i386;
				GCC_C_LANGUAGE_STANDARD = gnu99;
				GCC_NO_COMMON_BLOCKS = YES;
				GCC_WARN_64_TO_32_BIT_CONVERSION = YES;
				GCC_WARN_ABOUT_RETURN_TYPE = YES_ERROR;
				GCC_WARN_UNDECLARED_SELECTOR = YES;
				GCC_WARN_UNINITIALIZED_AUTOS = YES_AGGRESSIVE;
				GCC_WARN_UNUSED_FUNCTION = YES;
				GCC_WARN_UNUSED_VARIABLE = YES;
				IPHONEOS_DEPLOYMENT_TARGET = 12.4;
				LD_RUNPATH_SEARCH_PATHS = (
					/usr/lib/swift,
					"$(inherited)",
				);
				LIBRARY_SEARCH_PATHS = (
					"\"$(SDKROOT)/usr/lib/swift\"",
					"\"$(TOOLCHAIN_DIR)/usr/lib/swift/$(PLATFORM_NAME)\"",
					"\"$(inherited)\"",
				);
				MTL_ENABLE_DEBUG_INFO = NO;
				OTHER_CPLUSPLUSFLAGS = (
					"$(OTHER_CFLAGS)",
					"-DFOLLY_NO_CONFIG",
					"-DFOLLY_MOBILE=1",
					"-DFOLLY_USE_LIBCPP=1",
				);
				REACT_NATIVE_PATH = "${PODS_ROOT}/../../node_modules/react-native";
				SDKROOT = iphoneos;
				VALIDATE_PRODUCT = YES;
			};
			name = Release;
		};
/* End XCBuildConfiguration section */

/* Begin XCConfigurationList section */
		00E357021AD99517003FC87E /* Build configuration list for PBXNativeTarget "TodoAppTests" */ = {
			isa = XCConfigurationList;
			buildConfigurations = (
				00E356F61AD99517003FC87E /* Debug */,
				00E356F71AD99517003FC87E /* Release */,
			);
			defaultConfigurationIsVisible = 0;
			defaultConfigurationName = Release;
		};
		13B07F931A680F5B00A75B9A /* Build configuration list for PBXNativeTarget "TodoApp" */ = {
			isa = XCConfigurationList;
			buildConfigurations = (
				13B07F941A680F5B00A75B9A /* Debug */,
				13B07F951A680F5B00A75B9A /* Release */,
			);
			defaultConfigurationIsVisible = 0;
			defaultConfigurationName = Release;
		};
		83CBB9FA1A601CBA00E9B192 /* Build configuration list for PBXProject "TodoApp" */ = {
			isa = XCConfigurationList;
			buildConfigurations = (
				83CBBA201A601CBA00E9B192 /* Debug */,
				83CBBA211A601CBA00E9B192 /* Release */,
			);
			defaultConfigurationIsVisible = 0;
			defaultConfigurationName = Release;
		};
/* End XCConfigurationList section */
	};
	rootObject = 83CBB9F71A601CBA00E9B192 /* Project object */;
}
